PODS:
  - IQActionSheetPickerView (2.0.2)

DEPENDENCIES:
  - IQActionSheetPickerView (from `.`)

EXTERNAL SOURCES:
  IQActionSheetPickerView:
    :path: "."

SPEC CHECKSUMS:
  IQActionSheetPickerView: d7d1931f3829617d334b464ff1bfcbc452a4e23a

PODFILE CHECKSUM: b8e8694c4f073ebedf8fb879ae67f64edbc40fb5

COCOAPODS: 1.12.1
